
Microsoft Visual Studio Solution File, Format Version 12.00
# Visual Studio Version 16
VisualStudioVersion = 16.0.33027.164
MinimumVisualStudioVersion = 10.0.40219.1
Project("{C9674DCB-5085-4A16-B785-4C70DD1589BD}") = "E-commerce", "E-commerce.dtproj", "{D15EC478-BC52-4943-8915-8A866A4B61EB}"
EndProject
Global
	GlobalSection(SolutionConfigurationPlatforms) = preSolution
		Development|Default = Development|Default
	EndGlobalSection
	GlobalSection(ProjectConfigurationPlatforms) = postSolution
		{D15EC478-BC52-4943-8915-8A866A4B61EB}.Development|Default.ActiveCfg = Development
		{D15EC478-BC52-4943-8915-8A866A4B61EB}.Development|Default.Build.0 = Development
	EndGlobalSection
	GlobalSection(SolutionProperties) = preSolution
		HideSolutionNode = FALSE
	EndGlobalSection
	GlobalSection(ExtensibilityGlobals) = postSolution
		SolutionGuid = {7C465D36-98B5-47F0-92A3-43C85DE469CF}
	EndGlobalSection
EndGlobal
